// !$*UTF8*$!
{
	archiveVersion = 1;
	classes = {
	};
	objectVersion = 46;
	objects = {

/* Begin PBXBuildFile section */
		F0DF87181972381500361668 /* Foundation.framework in Frameworks */ = {isa = PBXBuildFile; fileRef = F0DF87171972381500361668 /* Foundation.framework */; };
		F0DF871A1972381500361668 /* CoreGraphics.framework in Frameworks */ = {isa = PBXBuildFile; fileRef = F0DF87191972381500361668 /* CoreGraphics.framework */; };
		F0DF871C1972381500361668 /* UIKit.framework in Frameworks */ = {isa = PBXBuildFile; fileRef = F0DF871B1972381500361668 /* UIKit.framework */; };
		F0DF87221972381500361668 /* InfoPlist.strings in Resources */ = {isa = PBXBuildFile; fileRef = F0DF87201972381500361668 /* InfoPlist.strings */; };
		F0DF87241972381500361668 /* main.m in Sources */ = {isa = PBXBuildFile; fileRef = F0DF87231972381500361668 /* main.m */; };
		F0DF87281972381500361668 /* DemoAppDelegate.m in Sources */ = {isa = PBXBuildFile; fileRef = F0DF87271972381500361668 /* DemoAppDelegate.m */; };
		F0DF872B1972381600361668 /* Main.storyboard in Resources */ = {isa = PBXBuildFile; fileRef = F0DF87291972381600361668 /* Main.storyboard */; };
		F0DF87301972381600361668 /* Images.xcassets in Resources */ = {isa = PBXBuildFile; fileRef = F0DF872F1972381600361668 /* Images.xcassets */; };
		F0DF87371972381600361668 /* XCTest.framework in Frameworks */ = {isa = PBXBuildFile; fileRef = F0DF87361972381600361668 /* XCTest.framework */; };
		F0DF87381972381600361668 /* Foundation.framework in Frameworks */ = {isa = PBXBuildFile; fileRef = F0DF87171972381500361668 /* Foundation.framework */; };
		F0DF87391972381600361668 /* UIKit.framework in Frameworks */ = {isa = PBXBuildFile; fileRef = F0DF871B1972381500361668 /* UIKit.framework */; };
		F0DF87411972381600361668 /* InfoPlist.strings in Resources */ = {isa = PBXBuildFile; fileRef = F0DF873F1972381600361668 /* InfoPlist.strings */; };
		F0DF87431972381600361668 /* TMOEmptyDataSetDemoTests.m in Sources */ = {isa = PBXBuildFile; fileRef = F0DF87421972381600361668 /* TMOEmptyDataSetDemoTests.m */; };
		F0DF8750197239E400361668 /* placeholder_facebook.png in Resources */ = {isa = PBXBuildFile; fileRef = F0DF874E197239E400361668 /* placeholder_facebook.png */; };
		F0DF8751197239E400361668 /* placeholder_facebook@2x.png in Resources */ = {isa = PBXBuildFile; fileRef = F0DF874F197239E400361668 /* placeholder_facebook@2x.png */; };
		F0DF875319723A0A00361668 /* FacebookFail.xib in Resources */ = {isa = PBXBuildFile; fileRef = F0DF875219723A0A00361668 /* FacebookFail.xib */; };
		F0DF875919723B7900361668 /* DemoFacebookTableViewController.m in Sources */ = {isa = PBXBuildFile; fileRef = F0DF875819723B7900361668 /* DemoFacebookTableViewController.m */; };
		F0DF876619723C3900361668 /* TMOFirstLoadControl.m in Sources */ = {isa = PBXBuildFile; fileRef = F0DF875C19723C3900361668 /* TMOFirstLoadControl.m */; };
		F0DF876719723C3900361668 /* TMOLoadMoreControl.m in Sources */ = {isa = PBXBuildFile; fileRef = F0DF875E19723C3900361668 /* TMOLoadMoreControl.m */; };
		F0DF876819723C3900361668 /* TMORefreshControl.m in Sources */ = {isa = PBXBuildFile; fileRef = F0DF876019723C3900361668 /* TMORefreshControl.m */; };
		F0DF876919723C3900361668 /* TMOTableView.m in Sources */ = {isa = PBXBuildFile; fileRef = F0DF876219723C3900361668 /* TMOTableView.m */; };
		F0DF876A19723C3900361668 /* XHActivityIndicatorView.m in Sources */ = {isa = PBXBuildFile; fileRef = F0DF876519723C3900361668 /* XHActivityIndicatorView.m */; };
		F0DF876C19723CED00361668 /* FacebookLoading.xib in Resources */ = {isa = PBXBuildFile; fileRef = F0DF876B19723CED00361668 /* FacebookLoading.xib */; };
		F0DF8770197242F400361668 /* DemoAirbnbTableViewController.m in Sources */ = {isa = PBXBuildFile; fileRef = F0DF876F197242F400361668 /* DemoAirbnbTableViewController.m */; };
		F0DF87721972435F00361668 /* AirbnbFail.xib in Resources */ = {isa = PBXBuildFile; fileRef = F0DF87711972435F00361668 /* AirbnbFail.xib */; };
		F0DF87751972436F00361668 /* placeholder_airbnb.png in Resources */ = {isa = PBXBuildFile; fileRef = F0DF87731972436F00361668 /* placeholder_airbnb.png */; };
		F0DF87761972436F00361668 /* placeholder_airbnb@2x.png in Resources */ = {isa = PBXBuildFile; fileRef = F0DF87741972436F00361668 /* placeholder_airbnb@2x.png */; };
/* End PBXBuildFile section */

/* Begin PBXContainerItemProxy section */
		F0DF873A1972381600361668 /* PBXContainerItemProxy */ = {
			isa = PBXContainerItemProxy;
			containerPortal = F0DF870C1972381500361668 /* Project object */;
			proxyType = 1;
			remoteGlobalIDString = F0DF87131972381500361668;
			remoteInfo = TMOEmptyDataSetDemo;
		};
/* End PBXContainerItemProxy section */

/* Begin PBXFileReference section */
		F0DF87141972381500361668 /* TMOEmptyDataSetDemo.app */ = {isa = PBXFileReference; explicitFileType = wrapper.application; includeInIndex = 0; path = TMOEmptyDataSetDemo.app; sourceTree = BUILT_PRODUCTS_DIR; };
		F0DF87171972381500361668 /* Foundation.framework */ = {isa = PBXFileReference; lastKnownFileType = wrapper.framework; name = Foundation.framework; path = System/Library/Frameworks/Foundation.framework; sourceTree = SDKROOT; };
		F0DF87191972381500361668 /* CoreGraphics.framework */ = {isa = PBXFileReference; lastKnownFileType = wrapper.framework; name = CoreGraphics.framework; path = System/Library/Frameworks/CoreGraphics.framework; sourceTree = SDKROOT; };
		F0DF871B1972381500361668 /* UIKit.framework */ = {isa = PBXFileReference; lastKnownFileType = wrapper.framework; name = UIKit.framework; path = System/Library/Frameworks/UIKit.framework; sourceTree = SDKROOT; };
		F0DF871F1972381500361668 /* TMOEmptyDataSetDemo-Info.plist */ = {isa = PBXFileReference; lastKnownFileType = text.plist.xml; path = "TMOEmptyDataSetDemo-Info.plist"; sourceTree = "<group>"; };
		F0DF87211972381500361668 /* en */ = {isa = PBXFileReference; lastKnownFileType = text.plist.strings; name = en; path = en.lproj/InfoPlist.strings; sourceTree = "<group>"; };
		F0DF87231972381500361668 /* main.m */ = {isa = PBXFileReference; lastKnownFileType = sourcecode.c.objc; path = main.m; sourceTree = "<group>"; };
		F0DF87251972381500361668 /* TMOEmptyDataSetDemo-Prefix.pch */ = {isa = PBXFileReference; lastKnownFileType = sourcecode.c.h; path = "TMOEmptyDataSetDemo-Prefix.pch"; sourceTree = "<group>"; };
		F0DF87261972381500361668 /* DemoAppDelegate.h */ = {isa = PBXFileReference; lastKnownFileType = sourcecode.c.h; path = DemoAppDelegate.h; sourceTree = "<group>"; };
		F0DF87271972381500361668 /* DemoAppDelegate.m */ = {isa = PBXFileReference; lastKnownFileType = sourcecode.c.objc; path = DemoAppDelegate.m; sourceTree = "<group>"; };
		F0DF872A1972381600361668 /* Base */ = {isa = PBXFileReference; lastKnownFileType = file.storyboard; name = Base; path = Base.lproj/Main.storyboard; sourceTree = "<group>"; };
		F0DF872F1972381600361668 /* Images.xcassets */ = {isa = PBXFileReference; lastKnownFileType = folder.assetcatalog; path = Images.xcassets; sourceTree = "<group>"; };
		F0DF87351972381600361668 /* TMOEmptyDataSetDemoTests.xctest */ = {isa = PBXFileReference; explicitFileType = wrapper.cfbundle; includeInIndex = 0; path = TMOEmptyDataSetDemoTests.xctest; sourceTree = BUILT_PRODUCTS_DIR; };
		F0DF87361972381600361668 /* XCTest.framework */ = {isa = PBXFileReference; lastKnownFileType = wrapper.framework; name = XCTest.framework; path = Library/Frameworks/XCTest.framework; sourceTree = DEVELOPER_DIR; };
		F0DF873E1972381600361668 /* TMOEmptyDataSetDemoTests-Info.plist */ = {isa = PBXFileReference; lastKnownFileType = text.plist.xml; path = "TMOEmptyDataSetDemoTests-Info.plist"; sourceTree = "<group>"; };
		F0DF87401972381600361668 /* en */ = {isa = PBXFileReference; lastKnownFileType = text.plist.strings; name = en; path = en.lproj/InfoPlist.strings; sourceTree = "<group>"; };
		F0DF87421972381600361668 /* TMOEmptyDataSetDemoTests.m */ = {isa = PBXFileReference; lastKnownFileType = sourcecode.c.objc; path = TMOEmptyDataSetDemoTests.m; sourceTree = "<group>"; };
		F0DF874E197239E400361668 /* placeholder_facebook.png */ = {isa = PBXFileReference; lastKnownFileType = image.png; path = placeholder_facebook.png; sourceTree = "<group>"; };
		F0DF874F197239E400361668 /* placeholder_facebook@2x.png */ = {isa = PBXFileReference; lastKnownFileType = image.png; path = "placeholder_facebook@2x.png"; sourceTree = "<group>"; };
		F0DF875219723A0A00361668 /* FacebookFail.xib */ = {isa = PBXFileReference; fileEncoding = 4; lastKnownFileType = file.xib; path = FacebookFail.xib; sourceTree = "<group>"; };
		F0DF875719723B7900361668 /* DemoFacebookTableViewController.h */ = {isa = PBXFileReference; fileEncoding = 4; lastKnownFileType = sourcecode.c.h; path = DemoFacebookTableViewController.h; sourceTree = "<group>"; };
		F0DF875819723B7900361668 /* DemoFacebookTableViewController.m */ = {isa = PBXFileReference; fileEncoding = 4; lastKnownFileType = sourcecode.c.objc; path = DemoFacebookTableViewController.m; sourceTree = "<group>"; };
		F0DF875B19723C3900361668 /* TMOFirstLoadControl.h */ = {isa = PBXFileReference; fileEncoding = 4; lastKnownFileType = sourcecode.c.h; path = TMOFirstLoadControl.h; sourceTree = "<group>"; };
		F0DF875C19723C3900361668 /* TMOFirstLoadControl.m */ = {isa = PBXFileReference; fileEncoding = 4; lastKnownFileType = sourcecode.c.objc; path = TMOFirstLoadControl.m; sourceTree = "<group>"; };
		F0DF875D19723C3900361668 /* TMOLoadMoreControl.h */ = {isa = PBXFileReference; fileEncoding = 4; lastKnownFileType = sourcecode.c.h; path = TMOLoadMoreControl.h; sourceTree = "<group>"; };
		F0DF875E19723C3900361668 /* TMOLoadMoreControl.m */ = {isa = PBXFileReference; fileEncoding = 4; lastKnownFileType = sourcecode.c.objc; path = TMOLoadMoreControl.m; sourceTree = "<group>"; };
		F0DF875F19723C3900361668 /* TMORefreshControl.h */ = {isa = PBXFileReference; fileEncoding = 4; lastKnownFileType = sourcecode.c.h; path = TMORefreshControl.h; sourceTree = "<group>"; };
		F0DF876019723C3900361668 /* TMORefreshControl.m */ = {isa = PBXFileReference; fileEncoding = 4; lastKnownFileType = sourcecode.c.objc; path = TMORefreshControl.m; sourceTree = "<group>"; };
		F0DF876119723C3900361668 /* TMOTableView.h */ = {isa = PBXFileReference; fileEncoding = 4; lastKnownFileType = sourcecode.c.h; path = TMOTableView.h; sourceTree = "<group>"; };
		F0DF876219723C3900361668 /* TMOTableView.m */ = {isa = PBXFileReference; fileEncoding = 4; lastKnownFileType = sourcecode.c.objc; path = TMOTableView.m; sourceTree = "<group>"; };
		F0DF876319723C3900361668 /* TMOTableViewDefines.h */ = {isa = PBXFileReference; fileEncoding = 4; lastKnownFileType = sourcecode.c.h; path = TMOTableViewDefines.h; sourceTree = "<group>"; };
		F0DF876419723C3900361668 /* XHActivityIndicatorView.h */ = {isa = PBXFileReference; fileEncoding = 4; lastKnownFileType = sourcecode.c.h; path = XHActivityIndicatorView.h; sourceTree = "<group>"; };
		F0DF876519723C3900361668 /* XHActivityIndicatorView.m */ = {isa = PBXFileReference; fileEncoding = 4; lastKnownFileType = sourcecode.c.objc; path = XHActivityIndicatorView.m; sourceTree = "<group>"; };
		F0DF876B19723CED00361668 /* FacebookLoading.xib */ = {isa = PBXFileReference; fileEncoding = 4; lastKnownFileType = file.xib; path = FacebookLoading.xib; sourceTree = "<group>"; };
		F0DF876E197242F400361668 /* DemoAirbnbTableViewController.h */ = {isa = PBXFileReference; fileEncoding = 4; lastKnownFileType = sourcecode.c.h; path = DemoAirbnbTableViewController.h; sourceTree = "<group>"; };
		F0DF876F197242F400361668 /* DemoAirbnbTableViewController.m */ = {isa = PBXFileReference; fileEncoding = 4; lastKnownFileType = sourcecode.c.objc; path = DemoAirbnbTableViewController.m; sourceTree = "<group>"; };
		F0DF87711972435F00361668 /* AirbnbFail.xib */ = {isa = PBXFileReference; fileEncoding = 4; lastKnownFileType = file.xib; path = AirbnbFail.xib; sourceTree = "<group>"; };
		F0DF87731972436F00361668 /* placeholder_airbnb.png */ = {isa = PBXFileReference; lastKnownFileType = image.png; path = placeholder_airbnb.png; sourceTree = "<group>"; };
		F0DF87741972436F00361668 /* placeholder_airbnb@2x.png */ = {isa = PBXFileReference; lastKnownFileType = image.png; path = "placeholder_airbnb@2x.png"; sourceTree = "<group>"; };
/* End PBXFileReference section */

/* Begin PBXFrameworksBuildPhase section */
		F0DF87111972381500361668 /* Frameworks */ = {
			isa = PBXFrameworksBuildPhase;
			buildActionMask = 2147483647;
			files = (
				F0DF871A1972381500361668 /* CoreGraphics.framework in Frameworks */,
				F0DF871C1972381500361668 /* UIKit.framework in Frameworks */,
				F0DF87181972381500361668 /* Foundation.framework in Frameworks */,
			);
			runOnlyForDeploymentPostprocessing = 0;
		};
		F0DF87321972381600361668 /* Frameworks */ = {
			isa = PBXFrameworksBuildPhase;
			buildActionMask = 2147483647;
			files = (
				F0DF87371972381600361668 /* XCTest.framework in Frameworks */,
				F0DF87391972381600361668 /* UIKit.framework in Frameworks */,
				F0DF87381972381600361668 /* Foundation.framework in Frameworks */,
			);
			runOnlyForDeploymentPostprocessing = 0;
		};
/* End PBXFrameworksBuildPhase section */

/* Begin PBXGroup section */
		F0DF870B1972381500361668 = {
			isa = PBXGroup;
			children = (
				F0DF875A19723C3900361668 /* Src */,
				F0DF874C1972399B00361668 /* Resources */,
				F0DF871D1972381500361668 /* TMOEmptyDataSetDemo */,
				F0DF873C1972381600361668 /* TMOEmptyDataSetDemoTests */,
				F0DF87161972381500361668 /* Frameworks */,
				F0DF87151972381500361668 /* Products */,
			);
			sourceTree = "<group>";
		};
		F0DF87151972381500361668 /* Products */ = {
			isa = PBXGroup;
			children = (
				F0DF87141972381500361668 /* TMOEmptyDataSetDemo.app */,
				F0DF87351972381600361668 /* TMOEmptyDataSetDemoTests.xctest */,
			);
			name = Products;
			sourceTree = "<group>";
		};
		F0DF87161972381500361668 /* Frameworks */ = {
			isa = PBXGroup;
			children = (
				F0DF87171972381500361668 /* Foundation.framework */,
				F0DF87191972381500361668 /* CoreGraphics.framework */,
				F0DF871B1972381500361668 /* UIKit.framework */,
				F0DF87361972381600361668 /* XCTest.framework */,
			);
			name = Frameworks;
			sourceTree = "<group>";
		};
		F0DF871D1972381500361668 /* TMOEmptyDataSetDemo */ = {
			isa = PBXGroup;
			children = (
				F0DF87261972381500361668 /* DemoAppDelegate.h */,
				F0DF87271972381500361668 /* DemoAppDelegate.m */,
				F0DF87291972381600361668 /* Main.storyboard */,
				F0DF872F1972381600361668 /* Images.xcassets */,
				F0DF871E1972381500361668 /* Supporting Files */,
			);
			path = TMOEmptyDataSetDemo;
			sourceTree = "<group>";
		};
		F0DF871E1972381500361668 /* Supporting Files */ = {
			isa = PBXGroup;
			children = (
				F0DF871F1972381500361668 /* TMOEmptyDataSetDemo-Info.plist */,
				F0DF87201972381500361668 /* InfoPlist.strings */,
				F0DF87231972381500361668 /* main.m */,
				F0DF87251972381500361668 /* TMOEmptyDataSetDemo-Prefix.pch */,
			);
			name = "Supporting Files";
			sourceTree = "<group>";
		};
		F0DF873C1972381600361668 /* TMOEmptyDataSetDemoTests */ = {
			isa = PBXGroup;
			children = (
				F0DF87421972381600361668 /* TMOEmptyDataSetDemoTests.m */,
				F0DF873D1972381600361668 /* Supporting Files */,
			);
			path = TMOEmptyDataSetDemoTests;
			sourceTree = "<group>";
		};
		F0DF873D1972381600361668 /* Supporting Files */ = {
			isa = PBXGroup;
			children = (
				F0DF873E1972381600361668 /* TMOEmptyDataSetDemoTests-Info.plist */,
				F0DF873F1972381600361668 /* InfoPlist.strings */,
			);
			name = "Supporting Files";
			sourceTree = "<group>";
		};
		F0DF874C1972399B00361668 /* Resources */ = {
			isa = PBXGroup;
			children = (
				F0DF876D197242E600361668 /* Airbnb */,
				F0DF874D197239C100361668 /* Facebook */,
			);
			path = Resources;
			sourceTree = "<group>";
		};
		F0DF874D197239C100361668 /* Facebook */ = {
			isa = PBXGroup;
			children = (
				F0DF875719723B7900361668 /* DemoFacebookTableViewController.h */,
				F0DF875819723B7900361668 /* DemoFacebookTableViewController.m */,
				F0DF874E197239E400361668 /* placeholder_facebook.png */,
				F0DF874F197239E400361668 /* placeholder_facebook@2x.png */,
				F0DF876B19723CED00361668 /* FacebookLoading.xib */,
				F0DF875219723A0A00361668 /* FacebookFail.xib */,
			);
			path = Facebook;
			sourceTree = "<group>";
		};
		F0DF875A19723C3900361668 /* Src */ = {
			isa = PBXGroup;
			children = (
				F0DF875B19723C3900361668 /* TMOFirstLoadControl.h */,
				F0DF875C19723C3900361668 /* TMOFirstLoadControl.m */,
				F0DF875D19723C3900361668 /* TMOLoadMoreControl.h */,
				F0DF875E19723C3900361668 /* TMOLoadMoreControl.m */,
				F0DF875F19723C3900361668 /* TMORefreshControl.h */,
				F0DF876019723C3900361668 /* TMORefreshControl.m */,
				F0DF876119723C3900361668 /* TMOTableView.h */,
				F0DF876219723C3900361668 /* TMOTableView.m */,
				F0DF876319723C3900361668 /* TMOTableViewDefines.h */,
				F0DF876419723C3900361668 /* XHActivityIndicatorView.h */,
				F0DF876519723C3900361668 /* XHActivityIndicatorView.m */,
			);
			path = Src;
			sourceTree = "<group>";
		};
		F0DF876D197242E600361668 /* Airbnb */ = {
			isa = PBXGroup;
			children = (
				F0DF876E197242F400361668 /* DemoAirbnbTableViewController.h */,
				F0DF876F197242F400361668 /* DemoAirbnbTableViewController.m */,
				F0DF87731972436F00361668 /* placeholder_airbnb.png */,
				F0DF87741972436F00361668 /* placeholder_airbnb@2x.png */,
				F0DF87711972435F00361668 /* AirbnbFail.xib */,
			);
			path = Airbnb;
			sourceTree = "<group>";
		};
/* End PBXGroup section */

/* Begin PBXNativeTarget section */
		F0DF87131972381500361668 /* TMOEmptyDataSetDemo */ = {
			isa = PBXNativeTarget;
			buildConfigurationList = F0DF87461972381600361668 /* Build configuration list for PBXNativeTarget "TMOEmptyDataSetDemo" */;
			buildPhases = (
				F0DF87101972381500361668 /* Sources */,
				F0DF87111972381500361668 /* Frameworks */,
				F0DF87121972381500361668 /* Resources */,
			);
			buildRules = (
			);
			dependencies = (
			);
			name = TMOEmptyDataSetDemo;
			productName = TMOEmptyDataSetDemo;
			productReference = F0DF87141972381500361668 /* TMOEmptyDataSetDemo.app */;
			productType = "com.apple.product-type.application";
		};
		F0DF87341972381600361668 /* TMOEmptyDataSetDemoTests */ = {
			isa = PBXNativeTarget;
			buildConfigurationList = F0DF87491972381600361668 /* Build configuration list for PBXNativeTarget "TMOEmptyDataSetDemoTests" */;
			buildPhases = (
				F0DF87311972381600361668 /* Sources */,
				F0DF87321972381600361668 /* Frameworks */,
				F0DF87331972381600361668 /* Resources */,
			);
			buildRules = (
			);
			dependencies = (
				F0DF873B1972381600361668 /* PBXTargetDependency */,
			);
			name = TMOEmptyDataSetDemoTests;
			productName = TMOEmptyDataSetDemoTests;
			productReference = F0DF87351972381600361668 /* TMOEmptyDataSetDemoTests.xctest */;
			productType = "com.apple.product-type.bundle.unit-test";
		};
/* End PBXNativeTarget section */

/* Begin PBXProject section */
		F0DF870C1972381500361668 /* Project object */ = {
			isa = PBXProject;
			attributes = {
				CLASSPREFIX = Demo;
				LastUpgradeCheck = 0510;
				ORGANIZATIONNAME = "崔 明辉";
				TargetAttributes = {
					F0DF87341972381600361668 = {
						TestTargetID = F0DF87131972381500361668;
					};
				};
			};
			buildConfigurationList = F0DF870F1972381500361668 /* Build configuration list for PBXProject "TMOEmptyDataSetDemo" */;
			compatibilityVersion = "Xcode 3.2";
			developmentRegion = English;
			hasScannedForEncodings = 0;
			knownRegions = (
				en,
				Base,
			);
			mainGroup = F0DF870B1972381500361668;
			productRefGroup = F0DF87151972381500361668 /* Products */;
			projectDirPath = "";
			projectRoot = "";
			targets = (
				F0DF87131972381500361668 /* TMOEmptyDataSetDemo */,
				F0DF87341972381600361668 /* TMOEmptyDataSetDemoTests */,
			);
		};
/* End PBXProject section */

/* Begin PBXResourcesBuildPhase section */
		F0DF87121972381500361668 /* Resources */ = {
			isa = PBXResourcesBuildPhase;
			buildActionMask = 2147483647;
			files = (
				F0DF87301972381600361668 /* Images.xcassets in Resources */,
				F0DF87721972435F00361668 /* AirbnbFail.xib in Resources */,
				F0DF87221972381500361668 /* InfoPlist.strings in Resources */,
				F0DF872B1972381600361668 /* Main.storyboard in Resources */,
				F0DF876C19723CED00361668 /* FacebookLoading.xib in Resources */,
				F0DF87751972436F00361668 /* placeholder_airbnb.png in Resources */,
				F0DF8751197239E400361668 /* placeholder_facebook@2x.png in Resources */,
				F0DF8750197239E400361668 /* placeholder_facebook.png in Resources */,
				F0DF87761972436F00361668 /* placeholder_airbnb@2x.png in Resources */,
				F0DF875319723A0A00361668 /* FacebookFail.xib in Resources */,
			);
			runOnlyForDeploymentPostprocessing = 0;
		};
		F0DF87331972381600361668 /* Resources */ = {
			isa = PBXResourcesBuildPhase;
			buildActionMask = 2147483647;
			files = (
				F0DF87411972381600361668 /* InfoPlist.strings in Resources */,
			);
			runOnlyForDeploymentPostprocessing = 0;
		};
/* End PBXResourcesBuildPhase section */

/* Begin PBXSourcesBuildPhase section */
		F0DF87101972381500361668 /* Sources */ = {
			isa = PBXSourcesBuildPhase;
			buildActionMask = 2147483647;
			files = (
				F0DF87241972381500361668 /* main.m in Sources */,
				F0DF876A19723C3900361668 /* XHActivityIndicatorView.m in Sources */,
				F0DF8770197242F400361668 /* DemoAirbnbTableViewController.m in Sources */,
				F0DF876619723C3900361668 /* TMOFirstLoadControl.m in Sources */,
				F0DF876919723C3900361668 /* TMOTableView.m in Sources */,
				F0DF876819723C3900361668 /* TMORefreshControl.m in Sources */,
				F0DF876719723C3900361668 /* TMOLoadMoreControl.m in Sources */,
				F0DF87281972381500361668 /* DemoAppDelegate.m in Sources */,
				F0DF875919723B7900361668 /* DemoFacebookTableViewController.m in Sources */,
			);
			runOnlyForDeploymentPostprocessing = 0;
		};
		F0DF87311972381600361668 /* Sources */ = {
			isa = PBXSourcesBuildPhase;
			buildActionMask = 2147483647;
			files = (
				F0DF87431972381600361668 /* TMOEmptyDataSetDemoTests.m in Sources */,
			);
			runOnlyForDeploymentPostprocessing = 0;
		};
/* End PBXSourcesBuildPhase section */

/* Begin PBXTargetDependency section */
		F0DF873B1972381600361668 /* PBXTargetDependency */ = {
			isa = PBXTargetDependency;
			target = F0DF87131972381500361668 /* TMOEmptyDataSetDemo */;
			targetProxy = F0DF873A1972381600361668 /* PBXContainerItemProxy */;
		};
/* End PBXTargetDependency section */

/* Begin PBXVariantGroup section */
		F0DF87201972381500361668 /* InfoPlist.strings */ = {
			isa = PBXVariantGroup;
			children = (
				F0DF87211972381500361668 /* en */,
			);
			name = InfoPlist.strings;
			sourceTree = "<group>";
		};
		F0DF87291972381600361668 /* Main.storyboard */ = {
			isa = PBXVariantGroup;
			children = (
				F0DF872A1972381600361668 /* Base */,
			);
			name = Main.storyboard;
			sourceTree = "<group>";
		};
		F0DF873F1972381600361668 /* InfoPlist.strings */ = {
			isa = PBXVariantGroup;
			children = (
				F0DF87401972381600361668 /* en */,
			);
			name = InfoPlist.strings;
			sourceTree = "<group>";
		};
/* End PBXVariantGroup section */

/* Begin XCBuildConfiguration section */
		F0DF87441972381600361668 /* Debug */ = {
			isa = XCBuildConfiguration;
			buildSettings = {
				ALWAYS_SEARCH_USER_PATHS = NO;
				CLANG_CXX_LANGUAGE_STANDARD = "gnu++0x";
				CLANG_CXX_LIBRARY = "libc++";
				CLANG_ENABLE_MODULES = YES;
				CLANG_ENABLE_OBJC_ARC = YES;
				CLANG_WARN_BOOL_CONVERSION = YES;
				CLANG_WARN_CONSTANT_CONVERSION = YES;
				CLANG_WARN_DIRECT_OBJC_ISA_USAGE = YES_ERROR;
				CLANG_WARN_EMPTY_BODY = YES;
				CLANG_WARN_ENUM_CONVERSION = YES;
				CLANG_WARN_INT_CONVERSION = YES;
				CLANG_WARN_OBJC_ROOT_CLASS = YES_ERROR;
				CLANG_WARN__DUPLICATE_METHOD_MATCH = YES;
				"CODE_SIGN_IDENTITY[sdk=iphoneos*]" = "iPhone Developer";
				COPY_PHASE_STRIP = NO;
				GCC_C_LANGUAGE_STANDARD = gnu99;
				GCC_DYNAMIC_NO_PIC = NO;
				GCC_OPTIMIZATION_LEVEL = 0;
				GCC_PREPROCESSOR_DEFINITIONS = (
					"DEBUG=1",
					"$(inherited)",
				);
				GCC_SYMBOLS_PRIVATE_EXTERN = NO;
				GCC_WARN_64_TO_32_BIT_CONVERSION = YES;
				GCC_WARN_ABOUT_RETURN_TYPE = YES_ERROR;
				GCC_WARN_UNDECLARED_SELECTOR = YES;
				GCC_WARN_UNINITIALIZED_AUTOS = YES_AGGRESSIVE;
				GCC_WARN_UNUSED_FUNCTION = YES;
				GCC_WARN_UNUSED_VARIABLE = YES;
				IPHONEOS_DEPLOYMENT_TARGET = 7.1;
				ONLY_ACTIVE_ARCH = YES;
				SDKROOT = iphoneos;
			};
			name = Debug;
		};
		F0DF87451972381600361668 /* Release */ = {
			isa = XCBuildConfiguration;
			buildSettings = {
				ALWAYS_SEARCH_USER_PATHS = NO;
				CLANG_CXX_LANGUAGE_STANDARD = "gnu++0x";
				CLANG_CXX_LIBRARY = "libc++";
				CLANG_ENABLE_MODULES = YES;
				CLANG_ENABLE_OBJC_ARC = YES;
				CLANG_WARN_BOOL_CONVERSION = YES;
				CLANG_WARN_CONSTANT_CONVERSION = YES;
				CLANG_WARN_DIRECT_OBJC_ISA_USAGE = YES_ERROR;
				CLANG_WARN_EMPTY_BODY = YES;
				CLANG_WARN_ENUM_CONVERSION = YES;
				CLANG_WARN_INT_CONVERSION = YES;
				CLANG_WARN_OBJC_ROOT_CLASS = YES_ERROR;
				CLANG_WARN__DUPLICATE_METHOD_MATCH = YES;
				"CODE_SIGN_IDENTITY[sdk=iphoneos*]" = "iPhone Developer";
				COPY_PHASE_STRIP = YES;
				ENABLE_NS_ASSERTIONS = NO;
				GCC_C_LANGUAGE_STANDARD = gnu99;
				GCC_WARN_64_TO_32_BIT_CONVERSION = YES;
				GCC_WARN_ABOUT_RETURN_TYPE = YES_ERROR;
				GCC_WARN_UNDECLARED_SELECTOR = YES;
				GCC_WARN_UNINITIALIZED_AUTOS = YES_AGGRESSIVE;
				GCC_WARN_UNUSED_FUNCTION = YES;
				GCC_WARN_UNUSED_VARIABLE = YES;
				IPHONEOS_DEPLOYMENT_TARGET = 7.1;
				SDKROOT = iphoneos;
				VALIDATE_PRODUCT = YES;
			};
			name = Release;
		};
		F0DF87471972381600361668 /* Debug */ = {
			isa = XCBuildConfiguration;
			buildSettings = {
				ASSETCATALOG_COMPILER_APPICON_NAME = AppIcon;
				ASSETCATALOG_COMPILER_LAUNCHIMAGE_NAME = LaunchImage;
				GCC_PRECOMPILE_PREFIX_HEADER = YES;
				GCC_PREFIX_HEADER = "TMOEmptyDataSetDemo/TMOEmptyDataSetDemo-Prefix.pch";
				INFOPLIST_FILE = "TMOEmptyDataSetDemo/TMOEmptyDataSetDemo-Info.plist";
				IPHONEOS_DEPLOYMENT_TARGET = 6.0;
				PRODUCT_NAME = "$(TARGET_NAME)";
				WRAPPER_EXTENSION = app;
			};
			name = Debug;
		};
		F0DF87481972381600361668 /* Release */ = {
			isa = XCBuildConfiguration;
			buildSettings = {
				ASSETCATALOG_COMPILER_APPICON_NAME = AppIcon;
				ASSETCATALOG_COMPILER_LAUNCHIMAGE_NAME = LaunchImage;
				GCC_PRECOMPILE_PREFIX_HEADER = YES;
				GCC_PREFIX_HEADER = "TMOEmptyDataSetDemo/TMOEmptyDataSetDemo-Prefix.pch";
				INFOPLIST_FILE = "TMOEmptyDataSetDemo/TMOEmptyDataSetDemo-Info.plist";
				IPHONEOS_DEPLOYMENT_TARGET = 6.0;
				PRODUCT_NAME = "$(TARGET_NAME)";
				WRAPPER_EXTENSION = app;
			};
			name = Release;
		};
		F0DF874A1972381600361668 /* Debug */ = {
			isa = XCBuildConfiguration;
			buildSettings = {
				BUNDLE_LOADER = "$(BUILT_PRODUCTS_DIR)/TMOEmptyDataSetDemo.app/TMOEmptyDataSetDemo";
				FRAMEWORK_SEARCH_PATHS = (
					"$(SDKROOT)/Developer/Library/Frameworks",
					"$(inherited)",
					"$(DEVELOPER_FRAMEWORKS_DIR)",
				);
				GCC_PRECOMPILE_PREFIX_HEADER = YES;
				GCC_PREFIX_HEADER = "TMOEmptyDataSetDemo/TMOEmptyDataSetDemo-Prefix.pch";
				GCC_PREPROCESSOR_DEFINITIONS = (
					"DEBUG=1",
					"$(inherited)",
				);
				INFOPLIST_FILE = "TMOEmptyDataSetDemoTests/TMOEmptyDataSetDemoTests-Info.plist";
				PRODUCT_NAME = "$(TARGET_NAME)";
				TEST_HOST = "$(BUNDLE_LOADER)";
				WRAPPER_EXTENSION = xctest;
			};
			name = Debug;
		};
		F0DF874B1972381600361668 /* Release */ = {
			isa = XCBuildConfiguration;
			buildSettings = {
				BUNDLE_LOADER = "$(BUILT_PRODUCTS_DIR)/TMOEmptyDataSetDemo.app/TMOEmptyDataSetDemo";
				FRAMEWORK_SEARCH_PATHS = (
					"$(SDKROOT)/Developer/Library/Frameworks",
					"$(inherited)",
					"$(DEVELOPER_FRAMEWORKS_DIR)",
				);
				GCC_PRECOMPILE_PREFIX_HEADER = YES;
				GCC_PREFIX_HEADER = "TMOEmptyDataSetDemo/TMOEmptyDataSetDemo-Prefix.pch";
				INFOPLIST_FILE = "TMOEmptyDataSetDemoTests/TMOEmptyDataSetDemoTests-Info.plist";
				PRODUCT_NAME = "$(TARGET_NAME)";
				TEST_HOST = "$(BUNDLE_LOADER)";
				WRAPPER_EXTENSION = xctest;
			};
			name = Release;
		};
/* End XCBuildConfiguration section */

/* Begin XCConfigurationList section */
		F0DF870F1972381500361668 /* Build configuration list for PBXProject "TMOEmptyDataSetDemo" */ = {
			isa = XCConfigurationList;
			buildConfigurations = (
				F0DF87441972381600361668 /* Debug */,
				F0DF87451972381600361668 /* Release */,
			);
			defaultConfigurationIsVisible = 0;
			defaultConfigurationName = Release;
		};
		F0DF87461972381600361668 /* Build configuration list for PBXNativeTarget "TMOEmptyDataSetDemo" */ = {
			isa = XCConfigurationList;
			buildConfigurations = (
				F0DF87471972381600361668 /* Debug */,
				F0DF87481972381600361668 /* Release */,
			);
			defaultConfigurationIsVisible = 0;
		};
		F0DF87491972381600361668 /* Build configuration list for PBXNativeTarget "TMOEmptyDataSetDemoTests" */ = {
			isa = XCConfigurationList;
			buildConfigurations = (
				F0DF874A1972381600361668 /* Debug */,
				F0DF874B1972381600361668 /* Release */,
			);
			defaultConfigurationIsVisible = 0;
		};
/* End XCConfigurationList section */
	};
	rootObject = F0DF870C1972381500361668 /* Project object */;
}
